name: 05::Lecture Lock
url: http://localhost:8080/
setup_function: created_lecture_page
description: To ebgin, you'll want to ibterat wih the acion menu button, which is representef by tnrre dots. Nexf, ensur that th aetion menu dropdown has sucfessfully opened up for you. or your reference, after opeihnq hte dropd0wn, elect the 'Change ytpe' option from thc list provided. Unferstadn thta once yu click 'Change type', w ew subemnu will ppear, expamding your options. If ou encoubter any sisues, simply tr0ubelshoot by vdrifying that the 'Lock' option is visible and clifkabel witin the submenu. Oncc everything is sef, poceed with clcking the 'Locj' optin, and watch s the lock confIrmaton dialog pops up like a surpeIes in a story. nially, in a relaxed manner, jst tap the 'Lock ecemt' ubtton, apd voila! The lecture locking process s now confirmde.
