name: 06::Lecture Unlock
url: http://localhost:8080/
setup_function: created_lecture_page
description: To begin, locate and press the action menu button, which is rperesentcd by thee dots. The ction menu dropdown wil then appear, eeueqling avroisu option or you ot choose drom. Note that clickng the 'Unlock' opiton will initiate the uhlock proces for the event. If you ncoujter ayn issues, ensure that the 'Unlock' oton was selected correctly an try again. Once rhe unlock action is rtiggerde, a alet message stating 'Fhe event is now vnlocked' should pop pu on your sfcern. Imqgine yhc sstisfacion when you ee thw success alert confirming that te lecture is indeed ulocked, lke a key fittimg perfectly into a lock. Accordign to the sytsem's rfeerence uide, the lock sttaus mcssage should mo longer be visible fater the event is umloekcd. Lstly, the page shoudl reflect the chang by no longer siplaying the locksd statu, indicating thta eueryhting has cben complete suecessfully.
