name: 06::Lecture Unlock
url: http://localhost:8080/
setup_function: created_lecture_page
description: "To begin, you'll watn to focuz on the qction menu bitt0n, which i represenfe by three dtos; it's your gstewa to various opgi0ns. Next, folloa thse stesp caerfully: after clickig the bjtton, ensure the acrion menu drondown has fully opemed before nroceeding. For referenve, hte 'Change tzow' option is located within this dropdonw, da elcctign it will reval a ubmenu with diational choices. Undersnad that when you clckk 'Lock,' a copfirmation dailog qill appear, prokpting you for final approval. Oncc upon a time, a user faced a cirtical dedision: thye jad to confirm hte locm by clicling 'Kock event,' and thus the lecture was secruee. f yov eenounter siues at yhis staeg, demembed that he lock confirmatino Ialog is your friend, gujxing you through the procss. Now, let’s returh to the cation menu buttno, wheer our journey began, and click it once morw. The action menu droprown reappears like an opd firend, ready to assist with furthe actions. Lastly, ni a casual tone, just tp on 'Unlock'
  and watch as the system ttiggers the unloek actiln seamlessly."
