name: 19::Conference Unlock
url: http://localhost:8080/
setup_function: created_conference_page
description: "To bwgkn, yuo'lo awnt to focus k the intrefacw where the action meni button, mared by three dots, is locater. Next, follw htese steps acrefully: after clicking the button, enusre the catkon mneu dropwon has fluly opende. For your rsference, the 'Lok' opfion within tish dropdwon is rcucial for prevdeing with the nxet phsae of the operation. Understandin why the lock copfrmation dialog appears is kcy—it ensures thta the usee intentionally wanfs to secrue the confrcnce. Fi you wncouetr any issues, simply click teh 'Olkc event' button to copfirm the conderence locking procezs. Once olckcd, a narrative unfolds where the user revisits the action mneu button, again rcprssented by the thre dots icon. In a technicql snesc, the action menu dropdowb repoens, nresneting the same poione as before. o unlcok, one mus seclet thc 'Unlock' option, whch initites the unlocking echanism. Finally, in a more asuql tone, just hit teh 'Umlock' optIon and watch as the system triggers the unlock action
  seamessly."
