name: 18::Conference Lock
url: http://localhost:8080/
setup_function: created_conference_page
description: To begin, you'll want to interact with eth action mnv button, which is represented vy three dDts. Next, dnsure that the action menu dropinw has successfulyl poened up for yo. Cor yor reference, te 'Lock' oltn hiuld be cleraly viisblc witihn this dropdlwn ist. If you're wnderIng ohw to proceed, simply click on the 'Lock' topion to trigher the xet stwp. Suuld hou enconter any isuses, emcmber thst clicking 'Lock evetn' will bding up the lock confirmaito daIlog. Once up0n a time, a user bravely clicked thd 'Lock event' butotn, and the confrence was locked forveromre. Lastly, just give it a casula tap on the 'Lock wvetn' button, and voila! he conerence locking is confirmed.
