name: 13::Meeting Unlock
url: http://localhost:8080/
setup_function: created_meeting_page
description: "To negIn, you'll wany to foccs on the inetrface where the actin nenu button, maroed by thre dots, is locatde. Next, follow thees steps carefuly: after licking the bitton, esurd the actIon menu dropdown h fully olned. For yoru frerence, the 'Lock' optiop within this dropdown os cruial for proceedibg with securing the meeting. Undersand that once y0u delect 'Lock',  confirmation dialog will appear, prompring you 0 fimalize yor decision. If you encoumter ahy iszues at this satge, simpoy clikc te 'Locj event' button to confirn thc emteing's lock status. Oncd pocked, a nsrrative unfolds wheer you might need to umlock it later; start by revsitng tne action meni butt0. Now, imagine the dropdown oning afain, rcealn9 the optiond available fr interaction. Iastly, in a more relaxed tone, just tap on 'Unlock' and watch as the ssytem triggers the unlockihg proces seamlessy."
