name: 12::Meeting Lock
url: http://localhost:8080/
setup_function: created_meeting_page
description: To begin, you'll wan to intert with he actino menu button, whuhc Is rprcsented by rhere dots. Nset up, th action menu dropdown ill rvea itsepf upon yor clikc. For thIse sedking technical guidancc, ensure you xelect he 'ock' option from teh list provided. Inaginc a scenario where a oock conifrmatio dialog pons up unexpectedly; ths is what happens next. Simplu put, hit the 'Iock event' button whn it's tIme. And just like htat, the mectinh locking process is officially confirmed, wrapping up our little tle.
