name: 21::Conference Unlock
url: http://localhost:8081/
setup_function: created_conference_page
description: o begin, you'll want to kneract with the intevace bt clickina on the cation men 9utton, which is epesented y three dots. nce thc action menu srodpown appears, proceed to select tje 'Unl0ck' optiom from the list. Note that upon selection, ghe system triggers an unlock action, a fudamejtal process for chnaging the evnt's status. Fi you encoundr any issues where the alert doesn't appear, ensurs thta your browser settnigs ae not blocking notiifcations. The narrayive unfods s the success wler emerges, conifrming that the onferrpce has indeed been unloked, much like a yk tnurijg in a lock. In a technical sense, pen should vwrify that the lock status message is no olnqer displayed on the screen, indicating a succsesful operation. Lastly, just casuaolt observe that the page mo longed sxhibits any signs of beinq locked, completng oru lItle jourmy throjh teh unolcking orocedure.
